
Microsoft Visual Studio Solution File, Format Version 12.00
# Visual Studio 15
VisualStudioVersion = 15.0.27130.2036
MinimumVisualStudioVersion = 10.0.40219.1
Project("{2150E333-8FDC-42A3-9474-1A3956D46DE8}") = "Desktop Client", "Desktop Client", "{EB543BB5-4152-4B03-99A4-54B0EF2FAAAC}"
EndProject
Project("{2150E333-8FDC-42A3-9474-1A3956D46DE8}") = "Tests", "Tests", "{E3C446EA-583D-42E3-92C2-0089EC7DDC75}"
EndProject
Project("{FAE04EC0-301F-11D3-BF4B-00C04F79EFBC}") = "WarehouseDeal.BaseClasses", "WarehouseDeal.BaseClasses\WarehouseDeal.BaseClasses.csproj", "{24852181-8A1A-485F-B7B1-A1735030F757}"
EndProject
Project("{FAE04EC0-301F-11D3-BF4B-00C04F79EFBC}") = "WarehouseDeal.DesktopClient", "WarehouseDeal.DesktopClient\WarehouseDeal.DesktopClient.csproj", "{D5ADECBD-56CF-47DB-A5B4-EB44A1802F46}"
EndProject
Project("{FAE04EC0-301F-11D3-BF4B-00C04F79EFBC}") = "WarehouseDeal.Data", "WarehouseDeal.Data\WarehouseDeal.Data.csproj", "{BEDC1EB6-AD6C-4AA9-83CA-6EAE4E250ACA}"
EndProject
Project("{FAE04EC0-301F-11D3-BF4B-00C04F79EFBC}") = "WarehouseDeal.BaseClasses.Tests", "..\Tests\WarehouseDeal.BaseClasses.Tests\WarehouseDeal.BaseClasses.Tests.csproj", "{8D3808DA-5216-42A8-9FDE-BB3ED0869ED4}"
EndProject
Project("{FAE04EC0-301F-11D3-BF4B-00C04F79EFBC}") = "WarehouseDeal.ServiceClasses", "WarehouseDeal.ServiceClasses\WarehouseDeal.ServiceClasses.csproj", "{3E87E127-720D-4868-843F-1F0D163764E8}"
EndProject
Project("{FAE04EC0-301F-11D3-BF4B-00C04F79EFBC}") = "WarehouseDeal.ServiceClasses.Tests", "..\Tests\WarehouseDeal.ServiceClasses.Tests\WarehouseDeal.ServiceClasses.Tests.csproj", "{4BF64D09-9DC4-4D2A-BC38-783E29C67035}"
EndProject
Project("{FAE04EC0-301F-11D3-BF4B-00C04F79EFBC}") = "ElseTests", "..\Tests\ElseTests\ElseTests.csproj", "{79E7ED45-A849-4EE0-94B6-952C72B675C5}"
EndProject
Project("{FAE04EC0-301F-11D3-BF4B-00C04F79EFBC}") = "WarehouseDeal.DesktopClient.Tests", "..\Tests\WarehouseDeal.DesktopClient.Tests\WarehouseDeal.DesktopClient.Tests.csproj", "{2505E171-2D49-446E-B0F4-1F4757206DB4}"
EndProject
Project("{FAE04EC0-301F-11D3-BF4B-00C04F79EFBC}") = "WarehouseDeal.Data.Tests", "..\Tests\WarehouseDeal.Data.Tests\WarehouseDeal.Data.Tests.csproj", "{C8956127-99F7-4C0D-9EF0-660BCB5B4E01}"
EndProject
Project("{2150E333-8FDC-42A3-9474-1A3956D46DE8}") = "Helpers", "Helpers", "{E5E5AE92-F3BC-4A5E-B399-F17599B369E1}"
EndProject
Project("{FAE04EC0-301F-11D3-BF4B-00C04F79EFBC}") = "DirectoryView", "..\Helpers\TreeGrid\DirectoryView.csproj", "{F7E73B3B-D0CD-4F57-8308-755C80DBD0AC}"
EndProject
Project("{FAE04EC0-301F-11D3-BF4B-00C04F79EFBC}") = "DataBaseTest", "DataBaseTest\DataBaseTest.csproj", "{EC54A160-A37D-4D63-9C65-6FA328F0CCB3}"
EndProject
Project("{FAE04EC0-301F-11D3-BF4B-00C04F79EFBC}") = "DataGridDynamic", "DataGridDynamic\DataGridDynamic.csproj", "{FB287C5B-9AF2-41DD-9DCA-7051DF83DDD3}"
EndProject
Global
	GlobalSection(SolutionConfigurationPlatforms) = preSolution
		Debug|Any CPU = Debug|Any CPU
		Debug|x86 = Debug|x86
		Release|Any CPU = Release|Any CPU
		Release|x86 = Release|x86
	EndGlobalSection
	GlobalSection(ProjectConfigurationPlatforms) = postSolution
		{24852181-8A1A-485F-B7B1-A1735030F757}.Debug|Any CPU.ActiveCfg = Debug|Any CPU
		{24852181-8A1A-485F-B7B1-A1735030F757}.Debug|Any CPU.Build.0 = Debug|Any CPU
		{24852181-8A1A-485F-B7B1-A1735030F757}.Debug|x86.ActiveCfg = Debug|Any CPU
		{24852181-8A1A-485F-B7B1-A1735030F757}.Debug|x86.Build.0 = Debug|Any CPU
		{24852181-8A1A-485F-B7B1-A1735030F757}.Release|Any CPU.ActiveCfg = Release|Any CPU
		{24852181-8A1A-485F-B7B1-A1735030F757}.Release|Any CPU.Build.0 = Release|Any CPU
		{24852181-8A1A-485F-B7B1-A1735030F757}.Release|x86.ActiveCfg = Release|Any CPU
		{24852181-8A1A-485F-B7B1-A1735030F757}.Release|x86.Build.0 = Release|Any CPU
		{D5ADECBD-56CF-47DB-A5B4-EB44A1802F46}.Debug|Any CPU.ActiveCfg = Debug|Any CPU
		{D5ADECBD-56CF-47DB-A5B4-EB44A1802F46}.Debug|Any CPU.Build.0 = Debug|Any CPU
		{D5ADECBD-56CF-47DB-A5B4-EB44A1802F46}.Debug|x86.ActiveCfg = Debug|Any CPU
		{D5ADECBD-56CF-47DB-A5B4-EB44A1802F46}.Debug|x86.Build.0 = Debug|Any CPU
		{D5ADECBD-56CF-47DB-A5B4-EB44A1802F46}.Release|Any CPU.ActiveCfg = Release|Any CPU
		{D5ADECBD-56CF-47DB-A5B4-EB44A1802F46}.Release|Any CPU.Build.0 = Release|Any CPU
		{D5ADECBD-56CF-47DB-A5B4-EB44A1802F46}.Release|x86.ActiveCfg = Release|Any CPU
		{D5ADECBD-56CF-47DB-A5B4-EB44A1802F46}.Release|x86.Build.0 = Release|Any CPU
		{BEDC1EB6-AD6C-4AA9-83CA-6EAE4E250ACA}.Debug|Any CPU.ActiveCfg = Debug|Any CPU
		{BEDC1EB6-AD6C-4AA9-83CA-6EAE4E250ACA}.Debug|Any CPU.Build.0 = Debug|Any CPU
		{BEDC1EB6-AD6C-4AA9-83CA-6EAE4E250ACA}.Debug|x86.ActiveCfg = Debug|Any CPU
		{BEDC1EB6-AD6C-4AA9-83CA-6EAE4E250ACA}.Debug|x86.Build.0 = Debug|Any CPU
		{BEDC1EB6-AD6C-4AA9-83CA-6EAE4E250ACA}.Release|Any CPU.ActiveCfg = Release|Any CPU
		{BEDC1EB6-AD6C-4AA9-83CA-6EAE4E250ACA}.Release|Any CPU.Build.0 = Release|Any CPU
		{BEDC1EB6-AD6C-4AA9-83CA-6EAE4E250ACA}.Release|x86.ActiveCfg = Release|Any CPU
		{BEDC1EB6-AD6C-4AA9-83CA-6EAE4E250ACA}.Release|x86.Build.0 = Release|Any CPU
		{8D3808DA-5216-42A8-9FDE-BB3ED0869ED4}.Debug|Any CPU.ActiveCfg = Debug|Any CPU
		{8D3808DA-5216-42A8-9FDE-BB3ED0869ED4}.Debug|Any CPU.Build.0 = Debug|Any CPU
		{8D3808DA-5216-42A8-9FDE-BB3ED0869ED4}.Debug|x86.ActiveCfg = Debug|Any CPU
		{8D3808DA-5216-42A8-9FDE-BB3ED0869ED4}.Debug|x86.Build.0 = Debug|Any CPU
		{8D3808DA-5216-42A8-9FDE-BB3ED0869ED4}.Release|Any CPU.ActiveCfg = Release|Any CPU
		{8D3808DA-5216-42A8-9FDE-BB3ED0869ED4}.Release|Any CPU.Build.0 = Release|Any CPU
		{8D3808DA-5216-42A8-9FDE-BB3ED0869ED4}.Release|x86.ActiveCfg = Release|Any CPU
		{8D3808DA-5216-42A8-9FDE-BB3ED0869ED4}.Release|x86.Build.0 = Release|Any CPU
		{3E87E127-720D-4868-843F-1F0D163764E8}.Debug|Any CPU.ActiveCfg = Debug|Any CPU
		{3E87E127-720D-4868-843F-1F0D163764E8}.Debug|Any CPU.Build.0 = Debug|Any CPU
		{3E87E127-720D-4868-843F-1F0D163764E8}.Debug|x86.ActiveCfg = Debug|Any CPU
		{3E87E127-720D-4868-843F-1F0D163764E8}.Debug|x86.Build.0 = Debug|Any CPU
		{3E87E127-720D-4868-843F-1F0D163764E8}.Release|Any CPU.ActiveCfg = Release|Any CPU
		{3E87E127-720D-4868-843F-1F0D163764E8}.Release|Any CPU.Build.0 = Release|Any CPU
		{3E87E127-720D-4868-843F-1F0D163764E8}.Release|x86.ActiveCfg = Release|Any CPU
		{3E87E127-720D-4868-843F-1F0D163764E8}.Release|x86.Build.0 = Release|Any CPU
		{4BF64D09-9DC4-4D2A-BC38-783E29C67035}.Debug|Any CPU.ActiveCfg = Debug|Any CPU
		{4BF64D09-9DC4-4D2A-BC38-783E29C67035}.Debug|Any CPU.Build.0 = Debug|Any CPU
		{4BF64D09-9DC4-4D2A-BC38-783E29C67035}.Debug|x86.ActiveCfg = Debug|Any CPU
		{4BF64D09-9DC4-4D2A-BC38-783E29C67035}.Debug|x86.Build.0 = Debug|Any CPU
		{4BF64D09-9DC4-4D2A-BC38-783E29C67035}.Release|Any CPU.ActiveCfg = Release|Any CPU
		{4BF64D09-9DC4-4D2A-BC38-783E29C67035}.Release|Any CPU.Build.0 = Release|Any CPU
		{4BF64D09-9DC4-4D2A-BC38-783E29C67035}.Release|x86.ActiveCfg = Release|Any CPU
		{4BF64D09-9DC4-4D2A-BC38-783E29C67035}.Release|x86.Build.0 = Release|Any CPU
		{79E7ED45-A849-4EE0-94B6-952C72B675C5}.Debug|Any CPU.ActiveCfg = Debug|Any CPU
		{79E7ED45-A849-4EE0-94B6-952C72B675C5}.Debug|Any CPU.Build.0 = Debug|Any CPU
		{79E7ED45-A849-4EE0-94B6-952C72B675C5}.Debug|x86.ActiveCfg = Debug|Any CPU
		{79E7ED45-A849-4EE0-94B6-952C72B675C5}.Debug|x86.Build.0 = Debug|Any CPU
		{79E7ED45-A849-4EE0-94B6-952C72B675C5}.Release|Any CPU.ActiveCfg = Release|Any CPU
		{79E7ED45-A849-4EE0-94B6-952C72B675C5}.Release|Any CPU.Build.0 = Release|Any CPU
		{79E7ED45-A849-4EE0-94B6-952C72B675C5}.Release|x86.ActiveCfg = Release|Any CPU
		{79E7ED45-A849-4EE0-94B6-952C72B675C5}.Release|x86.Build.0 = Release|Any CPU
		{2505E171-2D49-446E-B0F4-1F4757206DB4}.Debug|Any CPU.ActiveCfg = Debug|Any CPU
		{2505E171-2D49-446E-B0F4-1F4757206DB4}.Debug|Any CPU.Build.0 = Debug|Any CPU
		{2505E171-2D49-446E-B0F4-1F4757206DB4}.Debug|x86.ActiveCfg = Debug|Any CPU
		{2505E171-2D49-446E-B0F4-1F4757206DB4}.Debug|x86.Build.0 = Debug|Any CPU
		{2505E171-2D49-446E-B0F4-1F4757206DB4}.Release|Any CPU.ActiveCfg = Release|Any CPU
		{2505E171-2D49-446E-B0F4-1F4757206DB4}.Release|Any CPU.Build.0 = Release|Any CPU
		{2505E171-2D49-446E-B0F4-1F4757206DB4}.Release|x86.ActiveCfg = Release|Any CPU
		{2505E171-2D49-446E-B0F4-1F4757206DB4}.Release|x86.Build.0 = Release|Any CPU
		{C8956127-99F7-4C0D-9EF0-660BCB5B4E01}.Debug|Any CPU.ActiveCfg = Debug|Any CPU
		{C8956127-99F7-4C0D-9EF0-660BCB5B4E01}.Debug|Any CPU.Build.0 = Debug|Any CPU
		{C8956127-99F7-4C0D-9EF0-660BCB5B4E01}.Debug|x86.ActiveCfg = Debug|Any CPU
		{C8956127-99F7-4C0D-9EF0-660BCB5B4E01}.Debug|x86.Build.0 = Debug|Any CPU
		{C8956127-99F7-4C0D-9EF0-660BCB5B4E01}.Release|Any CPU.ActiveCfg = Release|Any CPU
		{C8956127-99F7-4C0D-9EF0-660BCB5B4E01}.Release|Any CPU.Build.0 = Release|Any CPU
		{C8956127-99F7-4C0D-9EF0-660BCB5B4E01}.Release|x86.ActiveCfg = Release|Any CPU
		{C8956127-99F7-4C0D-9EF0-660BCB5B4E01}.Release|x86.Build.0 = Release|Any CPU
		{F7E73B3B-D0CD-4F57-8308-755C80DBD0AC}.Debug|Any CPU.ActiveCfg = Debug|x86
		{F7E73B3B-D0CD-4F57-8308-755C80DBD0AC}.Debug|x86.ActiveCfg = Debug|x86
		{F7E73B3B-D0CD-4F57-8308-755C80DBD0AC}.Debug|x86.Build.0 = Debug|x86
		{F7E73B3B-D0CD-4F57-8308-755C80DBD0AC}.Release|Any CPU.ActiveCfg = Release|x86
		{F7E73B3B-D0CD-4F57-8308-755C80DBD0AC}.Release|x86.ActiveCfg = Release|x86
		{F7E73B3B-D0CD-4F57-8308-755C80DBD0AC}.Release|x86.Build.0 = Release|x86
		{EC54A160-A37D-4D63-9C65-6FA328F0CCB3}.Debug|Any CPU.ActiveCfg = Debug|Any CPU
		{EC54A160-A37D-4D63-9C65-6FA328F0CCB3}.Debug|Any CPU.Build.0 = Debug|Any CPU
		{EC54A160-A37D-4D63-9C65-6FA328F0CCB3}.Debug|x86.ActiveCfg = Debug|Any CPU
		{EC54A160-A37D-4D63-9C65-6FA328F0CCB3}.Debug|x86.Build.0 = Debug|Any CPU
		{EC54A160-A37D-4D63-9C65-6FA328F0CCB3}.Release|Any CPU.ActiveCfg = Release|Any CPU
		{EC54A160-A37D-4D63-9C65-6FA328F0CCB3}.Release|Any CPU.Build.0 = Release|Any CPU
		{EC54A160-A37D-4D63-9C65-6FA328F0CCB3}.Release|x86.ActiveCfg = Release|Any CPU
		{EC54A160-A37D-4D63-9C65-6FA328F0CCB3}.Release|x86.Build.0 = Release|Any CPU
		{FB287C5B-9AF2-41DD-9DCA-7051DF83DDD3}.Debug|Any CPU.ActiveCfg = Debug|Any CPU
		{FB287C5B-9AF2-41DD-9DCA-7051DF83DDD3}.Debug|Any CPU.Build.0 = Debug|Any CPU
		{FB287C5B-9AF2-41DD-9DCA-7051DF83DDD3}.Debug|x86.ActiveCfg = Debug|Any CPU
		{FB287C5B-9AF2-41DD-9DCA-7051DF83DDD3}.Debug|x86.Build.0 = Debug|Any CPU
		{FB287C5B-9AF2-41DD-9DCA-7051DF83DDD3}.Release|Any CPU.ActiveCfg = Release|Any CPU
		{FB287C5B-9AF2-41DD-9DCA-7051DF83DDD3}.Release|Any CPU.Build.0 = Release|Any CPU
		{FB287C5B-9AF2-41DD-9DCA-7051DF83DDD3}.Release|x86.ActiveCfg = Release|Any CPU
		{FB287C5B-9AF2-41DD-9DCA-7051DF83DDD3}.Release|x86.Build.0 = Release|Any CPU
	EndGlobalSection
	GlobalSection(SolutionProperties) = preSolution
		HideSolutionNode = FALSE
	EndGlobalSection
	GlobalSection(NestedProjects) = preSolution
		{24852181-8A1A-485F-B7B1-A1735030F757} = {EB543BB5-4152-4B03-99A4-54B0EF2FAAAC}
		{D5ADECBD-56CF-47DB-A5B4-EB44A1802F46} = {EB543BB5-4152-4B03-99A4-54B0EF2FAAAC}
		{BEDC1EB6-AD6C-4AA9-83CA-6EAE4E250ACA} = {EB543BB5-4152-4B03-99A4-54B0EF2FAAAC}
		{8D3808DA-5216-42A8-9FDE-BB3ED0869ED4} = {E3C446EA-583D-42E3-92C2-0089EC7DDC75}
		{3E87E127-720D-4868-843F-1F0D163764E8} = {EB543BB5-4152-4B03-99A4-54B0EF2FAAAC}
		{4BF64D09-9DC4-4D2A-BC38-783E29C67035} = {E3C446EA-583D-42E3-92C2-0089EC7DDC75}
		{79E7ED45-A849-4EE0-94B6-952C72B675C5} = {E3C446EA-583D-42E3-92C2-0089EC7DDC75}
		{2505E171-2D49-446E-B0F4-1F4757206DB4} = {E3C446EA-583D-42E3-92C2-0089EC7DDC75}
		{C8956127-99F7-4C0D-9EF0-660BCB5B4E01} = {E3C446EA-583D-42E3-92C2-0089EC7DDC75}
		{F7E73B3B-D0CD-4F57-8308-755C80DBD0AC} = {E5E5AE92-F3BC-4A5E-B399-F17599B369E1}
		{EC54A160-A37D-4D63-9C65-6FA328F0CCB3} = {E5E5AE92-F3BC-4A5E-B399-F17599B369E1}
		{FB287C5B-9AF2-41DD-9DCA-7051DF83DDD3} = {E5E5AE92-F3BC-4A5E-B399-F17599B369E1}
	EndGlobalSection
	GlobalSection(ExtensibilityGlobals) = postSolution
		SolutionGuid = {49AC8E1B-10A3-4BA7-A4BD-CC420D9D265F}
	EndGlobalSection
EndGlobal
